// !$*UTF8*$!
{
	archiveVersion = 1;
	classes = {
	};
	objectVersion = 46;
	objects = {

/* Begin PBXBuildFile section */
		D9A3324A1B1DB63A005E2FD1 /* AppDelegate.swift in Sources */ = {isa = PBXBuildFile; fileRef = D9A332491B1DB63A005E2FD1 /* AppDelegate.swift */; };
		D9A3324C1B1DB63A005E2FD1 /* ViewController.swift in Sources */ = {isa = PBXBuildFile; fileRef = D9A3324B1B1DB63A005E2FD1 /* ViewController.swift */; };
		D9A3324F1B1DB63A005E2FD1 /* Main.storyboard in Resources */ = {isa = PBXBuildFile; fileRef = D9A3324D1B1DB63A005E2FD1 /* Main.storyboard */; };
		D9A332511B1DB63A005E2FD1 /* Images.xcassets in Resources */ = {isa = PBXBuildFile; fileRef = D9A332501B1DB63A005E2FD1 /* Images.xcassets */; };
		D9A332541B1DB63A005E2FD1 /* LaunchScreen.xib in Resources */ = {isa = PBXBuildFile; fileRef = D9A332521B1DB63A005E2FD1 /* LaunchScreen.xib */; };
		D9A332601B1DB63A005E2FD1 /* GestureRecognitionExampleTests.swift in Sources */ = {isa = PBXBuildFile; fileRef = D9A3325F1B1DB63A005E2FD1 /* GestureRecognitionExampleTests.swift */; };
/* End PBXBuildFile section */

/* Begin PBXContainerItemProxy section */
		D9A3325A1B1DB63A005E2FD1 /* PBXContainerItemProxy */ = {
			isa = PBXContainerItemProxy;
			containerPortal = D9A3323C1B1DB63A005E2FD1 /* Project object */;
			proxyType = 1;
			remoteGlobalIDString = D9A332431B1DB63A005E2FD1;
			remoteInfo = GestureRecognitionExample;
		};
/* End PBXContainerItemProxy section */

/* Begin PBXFileReference section */
		D9A332441B1DB63A005E2FD1 /* GestureRecognitionExample.app */ = {isa = PBXFileReference; explicitFileType = wrapper.application; includeInIndex = 0; path = GestureRecognitionExample.app; sourceTree = BUILT_PRODUCTS_DIR; };
		D9A332481B1DB63A005E2FD1 /* Info.plist */ = {isa = PBXFileReference; lastKnownFileType = text.plist.xml; path = Info.plist; sourceTree = "<group>"; };
		D9A332491B1DB63A005E2FD1 /* AppDelegate.swift */ = {isa = PBXFileReference; lastKnownFileType = sourcecode.swift; path = AppDelegate.swift; sourceTree = "<group>"; };
		D9A3324B1B1DB63A005E2FD1 /* ViewController.swift */ = {isa = PBXFileReference; lastKnownFileType = sourcecode.swift; path = ViewController.swift; sourceTree = "<group>"; };
		D9A3324E1B1DB63A005E2FD1 /* Base */ = {isa = PBXFileReference; lastKnownFileType = file.storyboard; name = Base; path = Base.lproj/Main.storyboard; sourceTree = "<group>"; };
		D9A332501B1DB63A005E2FD1 /* Images.xcassets */ = {isa = PBXFileReference; lastKnownFileType = folder.assetcatalog; path = Images.xcassets; sourceTree = "<group>"; };
		D9A332531B1DB63A005E2FD1 /* Base */ = {isa = PBXFileReference; lastKnownFileType = file.xib; name = Base; path = Base.lproj/LaunchScreen.xib; sourceTree = "<group>"; };
		D9A332591B1DB63A005E2FD1 /* GestureRecognitionExampleTests.xctest */ = {isa = PBXFileReference; explicitFileType = wrapper.cfbundle; includeInIndex = 0; path = GestureRecognitionExampleTests.xctest; sourceTree = BUILT_PRODUCTS_DIR; };
		D9A3325E1B1DB63A005E2FD1 /* Info.plist */ = {isa = PBXFileReference; lastKnownFileType = text.plist.xml; path = Info.plist; sourceTree = "<group>"; };
		D9A3325F1B1DB63A005E2FD1 /* GestureRecognitionExampleTests.swift */ = {isa = PBXFileReference; lastKnownFileType = sourcecode.swift; path = GestureRecognitionExampleTests.swift; sourceTree = "<group>"; };
/* End PBXFileReference section */

/* Begin PBXFrameworksBuildPhase section */
		D9A332411B1DB63A005E2FD1 /* Frameworks */ = {
			isa = PBXFrameworksBuildPhase;
			buildActionMask = 2147483647;
			files = (
			);
			runOnlyForDeploymentPostprocessing = 0;
		};
		D9A332561B1DB63A005E2FD1 /* Frameworks */ = {
			isa = PBXFrameworksBuildPhase;
			buildActionMask = 2147483647;
			files = (
			);
			runOnlyForDeploymentPostprocessing = 0;
		};
/* End PBXFrameworksBuildPhase section */

/* Begin PBXGroup section */
		D9A3323B1B1DB63A005E2FD1 = {
			isa = PBXGroup;
			children = (
				D9A332461B1DB63A005E2FD1 /* GestureRecognitionExample */,
				D9A3325C1B1DB63A005E2FD1 /* GestureRecognitionExampleTests */,
				D9A332451B1DB63A005E2FD1 /* Products */,
			);
			sourceTree = "<group>";
		};
		D9A332451B1DB63A005E2FD1 /* Products */ = {
			isa = PBXGroup;
			children = (
				D9A332441B1DB63A005E2FD1 /* GestureRecognitionExample.app */,
				D9A332591B1DB63A005E2FD1 /* GestureRecognitionExampleTests.xctest */,
			);
			name = Products;
			sourceTree = "<group>";
		};
		D9A332461B1DB63A005E2FD1 /* GestureRecognitionExample */ = {
			isa = PBXGroup;
			children = (
				D9A332491B1DB63A005E2FD1 /* AppDelegate.swift */,
				D9A3324B1B1DB63A005E2FD1 /* ViewController.swift */,
				D9A3324D1B1DB63A005E2FD1 /* Main.storyboard */,
				D9A332501B1DB63A005E2FD1 /* Images.xcassets */,
				D9A332521B1DB63A005E2FD1 /* LaunchScreen.xib */,
				D9A332471B1DB63A005E2FD1 /* Supporting Files */,
			);
			path = GestureRecognitionExample;
			sourceTree = "<group>";
		};
		D9A332471B1DB63A005E2FD1 /* Supporting Files */ = {
			isa = PBXGroup;
			children = (
				D9A332481B1DB63A005E2FD1 /* Info.plist */,
			);
			name = "Supporting Files";
			sourceTree = "<group>";
		};
		D9A3325C1B1DB63A005E2FD1 /* GestureRecognitionExampleTests */ = {
			isa = PBXGroup;
			children = (
				D9A3325F1B1DB63A005E2FD1 /* GestureRecognitionExampleTests.swift */,
				D9A3325D1B1DB63A005E2FD1 /* Supporting Files */,
			);
			path = GestureRecognitionExampleTests;
			sourceTree = "<group>";
		};
		D9A3325D1B1DB63A005E2FD1 /* Supporting Files */ = {
			isa = PBXGroup;
			children = (
				D9A3325E1B1DB63A005E2FD1 /* Info.plist */,
			);
			name = "Supporting Files";
			sourceTree = "<group>";
		};
/* End PBXGroup section */

/* Begin PBXNativeTarget section */
		D9A332431B1DB63A005E2FD1 /* GestureRecognitionExample */ = {
			isa = PBXNativeTarget;
			buildConfigurationList = D9A332631B1DB63A005E2FD1 /* Build configuration list for PBXNativeTarget "GestureRecognitionExample" */;
			buildPhases = (
				D9A332401B1DB63A005E2FD1 /* Sources */,
				D9A332411B1DB63A005E2FD1 /* Frameworks */,
				D9A332421B1DB63A005E2FD1 /* Resources */,
			);
			buildRules = (
			);
			dependencies = (
			);
			name = GestureRecognitionExample;
			productName = GestureRecognitionExample;
			productReference = D9A332441B1DB63A005E2FD1 /* GestureRecognitionExample.app */;
			productType = "com.apple.product-type.application";
		};
		D9A332581B1DB63A005E2FD1 /* GestureRecognitionExampleTests */ = {
			isa = PBXNativeTarget;
			buildConfigurationList = D9A332661B1DB63A005E2FD1 /* Build configuration list for PBXNativeTarget "GestureRecognitionExampleTests" */;
			buildPhases = (
				D9A332551B1DB63A005E2FD1 /* Sources */,
				D9A332561B1DB63A005E2FD1 /* Frameworks */,
				D9A332571B1DB63A005E2FD1 /* Resources */,
			);
			buildRules = (
			);
			dependencies = (
				D9A3325B1B1DB63A005E2FD1 /* PBXTargetDependency */,
			);
			name = GestureRecognitionExampleTests;
			productName = GestureRecognitionExampleTests;
			productReference = D9A332591B1DB63A005E2FD1 /* GestureRecognitionExampleTests.xctest */;
			productType = "com.apple.product-type.bundle.unit-test";
		};
/* End PBXNativeTarget section */

/* Begin PBXProject section */
		D9A3323C1B1DB63A005E2FD1 /* Project object */ = {
			isa = PBXProject;
			attributes = {
				LastUpgradeCheck = 0630;
				ORGANIZATIONNAME = wikibootup;
				TargetAttributes = {
					D9A332431B1DB63A005E2FD1 = {
						CreatedOnToolsVersion = 6.3.2;
					};
					D9A332581B1DB63A005E2FD1 = {
						CreatedOnToolsVersion = 6.3.2;
						TestTargetID = D9A332431B1DB63A005E2FD1;
					};
				};
			};
			buildConfigurationList = D9A3323F1B1DB63A005E2FD1 /* Build configuration list for PBXProject "GestureRecognitionExample" */;
			compatibilityVersion = "Xcode 3.2";
			developmentRegion = English;
			hasScannedForEncodings = 0;
			knownRegions = (
				en,
				Base,
			);
			mainGroup = D9A3323B1B1DB63A005E2FD1;
			productRefGroup = D9A332451B1DB63A005E2FD1 /* Products */;
			projectDirPath = "";
			projectRoot = "";
			targets = (
				D9A332431B1DB63A005E2FD1 /* GestureRecognitionExample */,
				D9A332581B1DB63A005E2FD1 /* GestureRecognitionExampleTests */,
			);
		};
/* End PBXProject section */

/* Begin PBXResourcesBuildPhase section */
		D9A332421B1DB63A005E2FD1 /* Resources */ = {
			isa = PBXResourcesBuildPhase;
			buildActionMask = 2147483647;
			files = (
				D9A3324F1B1DB63A005E2FD1 /* Main.storyboard in Resources */,
				D9A332541B1DB63A005E2FD1 /* LaunchScreen.xib in Resources */,
				D9A332511B1DB63A005E2FD1 /* Images.xcassets in Resources */,
			);
			runOnlyForDeploymentPostprocessing = 0;
		};
		D9A332571B1DB63A005E2FD1 /* Resources */ = {
			isa = PBXResourcesBuildPhase;
			buildActionMask = 2147483647;
			files = (
			);
			runOnlyForDeploymentPostprocessing = 0;
		};
/* End PBXResourcesBuildPhase section */

/* Begin PBXSourcesBuildPhase section */
		D9A332401B1DB63A005E2FD1 /* Sources */ = {
			isa = PBXSourcesBuildPhase;
			buildActionMask = 2147483647;
			files = (
				D9A3324C1B1DB63A005E2FD1 /* ViewController.swift in Sources */,
				D9A3324A1B1DB63A005E2FD1 /* AppDelegate.swift in Sources */,
			);
			runOnlyForDeploymentPostprocessing = 0;
		};
		D9A332551B1DB63A005E2FD1 /* Sources */ = {
			isa = PBXSourcesBuildPhase;
			buildActionMask = 2147483647;
			files = (
				D9A332601B1DB63A005E2FD1 /* GestureRecognitionExampleTests.swift in Sources */,
			);
			runOnlyForDeploymentPostprocessing = 0;
		};
/* End PBXSourcesBuildPhase section */

/* Begin PBXTargetDependency section */
		D9A3325B1B1DB63A005E2FD1 /* PBXTargetDependency */ = {
			isa = PBXTargetDependency;
			target = D9A332431B1DB63A005E2FD1 /* GestureRecognitionExample */;
			targetProxy = D9A3325A1B1DB63A005E2FD1 /* PBXContainerItemProxy */;
		};
/* End PBXTargetDependency section */

/* Begin PBXVariantGroup section */
		D9A3324D1B1DB63A005E2FD1 /* Main.storyboard */ = {
			isa = PBXVariantGroup;
			children = (
				D9A3324E1B1DB63A005E2FD1 /* Base */,
			);
			name = Main.storyboard;
			sourceTree = "<group>";
		};
		D9A332521B1DB63A005E2FD1 /* LaunchScreen.xib */ = {
			isa = PBXVariantGroup;
			children = (
				D9A332531B1DB63A005E2FD1 /* Base */,
			);
			name = LaunchScreen.xib;
			sourceTree = "<group>";
		};
/* End PBXVariantGroup section */

/* Begin XCBuildConfiguration section */
		D9A332611B1DB63A005E2FD1 /* Debug */ = {
			isa = XCBuildConfiguration;
			buildSettings = {
				ALWAYS_SEARCH_USER_PATHS = NO;
				CLANG_CXX_LANGUAGE_STANDARD = "gnu++0x";
				CLANG_CXX_LIBRARY = "libc++";
				CLANG_ENABLE_MODULES = YES;
				CLANG_ENABLE_OBJC_ARC = YES;
				CLANG_WARN_BOOL_CONVERSION = YES;
				CLANG_WARN_CONSTANT_CONVERSION = YES;
				CLANG_WARN_DIRECT_OBJC_ISA_USAGE = YES_ERROR;
				CLANG_WARN_EMPTY_BODY = YES;
				CLANG_WARN_ENUM_CONVERSION = YES;
				CLANG_WARN_INT_CONVERSION = YES;
				CLANG_WARN_OBJC_ROOT_CLASS = YES_ERROR;
				CLANG_WARN_UNREACHABLE_CODE = YES;
				CLANG_WARN__DUPLICATE_METHOD_MATCH = YES;
				"CODE_SIGN_IDENTITY[sdk=iphoneos*]" = "iPhone Developer";
				COPY_PHASE_STRIP = NO;
				DEBUG_INFORMATION_FORMAT = "dwarf-with-dsym";
				ENABLE_STRICT_OBJC_MSGSEND = YES;
				GCC_C_LANGUAGE_STANDARD = gnu99;
				GCC_DYNAMIC_NO_PIC = NO;
				GCC_NO_COMMON_BLOCKS = YES;
				GCC_OPTIMIZATION_LEVEL = 0;
				GCC_PREPROCESSOR_DEFINITIONS = (
					"DEBUG=1",
					"$(inherited)",
				);
				GCC_SYMBOLS_PRIVATE_EXTERN = NO;
				GCC_WARN_64_TO_32_BIT_CONVERSION = YES;
				GCC_WARN_ABOUT_RETURN_TYPE = YES_ERROR;
				GCC_WARN_UNDECLARED_SELECTOR = YES;
				GCC_WARN_UNINITIALIZED_AUTOS = YES_AGGRESSIVE;
				GCC_WARN_UNUSED_FUNCTION = YES;
				GCC_WARN_UNUSED_VARIABLE = YES;
				IPHONEOS_DEPLOYMENT_TARGET = 8.3;
				MTL_ENABLE_DEBUG_INFO = YES;
				ONLY_ACTIVE_ARCH = YES;
				SDKROOT = iphoneos;
				SWIFT_OPTIMIZATION_LEVEL = "-Onone";
				TARGETED_DEVICE_FAMILY = "1,2";
			};
			name = Debug;
		};
		D9A332621B1DB63A005E2FD1 /* Release */ = {
			isa = XCBuildConfiguration;
			buildSettings = {
				ALWAYS_SEARCH_USER_PATHS = NO;
				CLANG_CXX_LANGUAGE_STANDARD = "gnu++0x";
				CLANG_CXX_LIBRARY = "libc++";
				CLANG_ENABLE_MODULES = YES;
				CLANG_ENABLE_OBJC_ARC = YES;
				CLANG_WARN_BOOL_CONVERSION = YES;
				CLANG_WARN_CONSTANT_CONVERSION = YES;
				CLANG_WARN_DIRECT_OBJC_ISA_USAGE = YES_ERROR;
				CLANG_WARN_EMPTY_BODY = YES;
				CLANG_WARN_ENUM_CONVERSION = YES;
				CLANG_WARN_INT_CONVERSION = YES;
				CLANG_WARN_OBJC_ROOT_CLASS = YES_ERROR;
				CLANG_WARN_UNREACHABLE_CODE = YES;
				CLANG_WARN__DUPLICATE_METHOD_MATCH = YES;
				"CODE_SIGN_IDENTITY[sdk=iphoneos*]" = "iPhone Developer";
				COPY_PHASE_STRIP = NO;
				DEBUG_INFORMATION_FORMAT = "dwarf-with-dsym";
				ENABLE_NS_ASSERTIONS = NO;
				ENABLE_STRICT_OBJC_MSGSEND = YES;
				GCC_C_LANGUAGE_STANDARD = gnu99;
				GCC_NO_COMMON_BLOCKS = YES;
				GCC_WARN_64_TO_32_BIT_CONVERSION = YES;
				GCC_WARN_ABOUT_RETURN_TYPE = YES_ERROR;
				GCC_WARN_UNDECLARED_SELECTOR = YES;
				GCC_WARN_UNINITIALIZED_AUTOS = YES_AGGRESSIVE;
				GCC_WARN_UNUSED_FUNCTION = YES;
				GCC_WARN_UNUSED_VARIABLE = YES;
				IPHONEOS_DEPLOYMENT_TARGET = 8.3;
				MTL_ENABLE_DEBUG_INFO = NO;
				SDKROOT = iphoneos;
				TARGETED_DEVICE_FAMILY = "1,2";
				VALIDATE_PRODUCT = YES;
			};
			name = Release;
		};
		D9A332641B1DB63A005E2FD1 /* Debug */ = {
			isa = XCBuildConfiguration;
			buildSettings = {
				ASSETCATALOG_COMPILER_APPICON_NAME = AppIcon;
				INFOPLIST_FILE = GestureRecognitionExample/Info.plist;
				LD_RUNPATH_SEARCH_PATHS = "$(inherited) @executable_path/Frameworks";
				PRODUCT_NAME = "$(TARGET_NAME)";
			};
			name = Debug;
		};
		D9A332651B1DB63A005E2FD1 /* Release */ = {
			isa = XCBuildConfiguration;
			buildSettings = {
				ASSETCATALOG_COMPILER_APPICON_NAME = AppIcon;
				INFOPLIST_FILE = GestureRecognitionExample/Info.plist;
				LD_RUNPATH_SEARCH_PATHS = "$(inherited) @executable_path/Frameworks";
				PRODUCT_NAME = "$(TARGET_NAME)";
			};
			name = Release;
		};
		D9A332671B1DB63A005E2FD1 /* Debug */ = {
			isa = XCBuildConfiguration;
			buildSettings = {
				BUNDLE_LOADER = "$(TEST_HOST)";
				FRAMEWORK_SEARCH_PATHS = (
					"$(SDKROOT)/Developer/Library/Frameworks",
					"$(inherited)",
				);
				GCC_PREPROCESSOR_DEFINITIONS = (
					"DEBUG=1",
					"$(inherited)",
				);
				INFOPLIST_FILE = GestureRecognitionExampleTests/Info.plist;
				LD_RUNPATH_SEARCH_PATHS = "$(inherited) @executable_path/Frameworks @loader_path/Frameworks";
				PRODUCT_NAME = "$(TARGET_NAME)";
				TEST_HOST = "$(BUILT_PRODUCTS_DIR)/GestureRecognitionExample.app/GestureRecognitionExample";
			};
			name = Debug;
		};
		D9A332681B1DB63A005E2FD1 /* Release */ = {
			isa = XCBuildConfiguration;
			buildSettings = {
				BUNDLE_LOADER = "$(TEST_HOST)";
				FRAMEWORK_SEARCH_PATHS = (
					"$(SDKROOT)/Developer/Library/Frameworks",
					"$(inherited)",
				);
				INFOPLIST_FILE = GestureRecognitionExampleTests/Info.plist;
				LD_RUNPATH_SEARCH_PATHS = "$(inherited) @executable_path/Frameworks @loader_path/Frameworks";
				PRODUCT_NAME = "$(TARGET_NAME)";
				TEST_HOST = "$(BUILT_PRODUCTS_DIR)/GestureRecognitionExample.app/GestureRecognitionExample";
			};
			name = Release;
		};
/* End XCBuildConfiguration section */

/* Begin XCConfigurationList section */
		D9A3323F1B1DB63A005E2FD1 /* Build configuration list for PBXProject "GestureRecognitionExample" */ = {
			isa = XCConfigurationList;
			buildConfigurations = (
				D9A332611B1DB63A005E2FD1 /* Debug */,
				D9A332621B1DB63A005E2FD1 /* Release */,
			);
			defaultConfigurationIsVisible = 0;
			defaultConfigurationName = Release;
		};
		D9A332631B1DB63A005E2FD1 /* Build configuration list for PBXNativeTarget "GestureRecognitionExample" */ = {
			isa = XCConfigurationList;
			buildConfigurations = (
				D9A332641B1DB63A005E2FD1 /* Debug */,
				D9A332651B1DB63A005E2FD1 /* Release */,
			);
			defaultConfigurationIsVisible = 0;
		};
		D9A332661B1DB63A005E2FD1 /* Build configuration list for PBXNativeTarget "GestureRecognitionExampleTests" */ = {
			isa = XCConfigurationList;
			buildConfigurations = (
				D9A332671B1DB63A005E2FD1 /* Debug */,
				D9A332681B1DB63A005E2FD1 /* Release */,
			);
			defaultConfigurationIsVisible = 0;
		};
/* End XCConfigurationList section */
	};
	rootObject = D9A3323C1B1DB63A005E2FD1 /* Project object */;
}
