// !$*UTF8*$!
{
	archiveVersion = 1;
	classes = {
	};
	objectVersion = 46;
	objects = {

/* Begin PBXBuildFile section */
		D93A2AAC1B18C66800FE709A /* AppDelegate.swift in Sources */ = {isa = PBXBuildFile; fileRef = D93A2AAB1B18C66800FE709A /* AppDelegate.swift */; };
		D93A2AAE1B18C66800FE709A /* ViewController.swift in Sources */ = {isa = PBXBuildFile; fileRef = D93A2AAD1B18C66800FE709A /* ViewController.swift */; };
		D93A2AB11B18C66800FE709A /* Main.storyboard in Resources */ = {isa = PBXBuildFile; fileRef = D93A2AAF1B18C66800FE709A /* Main.storyboard */; };
		D93A2AB31B18C66800FE709A /* Images.xcassets in Resources */ = {isa = PBXBuildFile; fileRef = D93A2AB21B18C66800FE709A /* Images.xcassets */; };
		D93A2AB61B18C66800FE709A /* LaunchScreen.xib in Resources */ = {isa = PBXBuildFile; fileRef = D93A2AB41B18C66800FE709A /* LaunchScreen.xib */; };
		D93A2AC21B18C66800FE709A /* TableViewExampleTests.swift in Sources */ = {isa = PBXBuildFile; fileRef = D93A2AC11B18C66800FE709A /* TableViewExampleTests.swift */; };
/* End PBXBuildFile section */

/* Begin PBXContainerItemProxy section */
		D93A2ABC1B18C66800FE709A /* PBXContainerItemProxy */ = {
			isa = PBXContainerItemProxy;
			containerPortal = D93A2A9E1B18C66800FE709A /* Project object */;
			proxyType = 1;
			remoteGlobalIDString = D93A2AA51B18C66800FE709A;
			remoteInfo = TableViewExample;
		};
/* End PBXContainerItemProxy section */

/* Begin PBXFileReference section */
		D93A2AA61B18C66800FE709A /* TableViewExample.app */ = {isa = PBXFileReference; explicitFileType = wrapper.application; includeInIndex = 0; path = TableViewExample.app; sourceTree = BUILT_PRODUCTS_DIR; };
		D93A2AAA1B18C66800FE709A /* Info.plist */ = {isa = PBXFileReference; lastKnownFileType = text.plist.xml; path = Info.plist; sourceTree = "<group>"; };
		D93A2AAB1B18C66800FE709A /* AppDelegate.swift */ = {isa = PBXFileReference; lastKnownFileType = sourcecode.swift; path = AppDelegate.swift; sourceTree = "<group>"; };
		D93A2AAD1B18C66800FE709A /* ViewController.swift */ = {isa = PBXFileReference; lastKnownFileType = sourcecode.swift; path = ViewController.swift; sourceTree = "<group>"; };
		D93A2AB01B18C66800FE709A /* Base */ = {isa = PBXFileReference; lastKnownFileType = file.storyboard; name = Base; path = Base.lproj/Main.storyboard; sourceTree = "<group>"; };
		D93A2AB21B18C66800FE709A /* Images.xcassets */ = {isa = PBXFileReference; lastKnownFileType = folder.assetcatalog; path = Images.xcassets; sourceTree = "<group>"; };
		D93A2AB51B18C66800FE709A /* Base */ = {isa = PBXFileReference; lastKnownFileType = file.xib; name = Base; path = Base.lproj/LaunchScreen.xib; sourceTree = "<group>"; };
		D93A2ABB1B18C66800FE709A /* TableViewExampleTests.xctest */ = {isa = PBXFileReference; explicitFileType = wrapper.cfbundle; includeInIndex = 0; path = TableViewExampleTests.xctest; sourceTree = BUILT_PRODUCTS_DIR; };
		D93A2AC01B18C66800FE709A /* Info.plist */ = {isa = PBXFileReference; lastKnownFileType = text.plist.xml; path = Info.plist; sourceTree = "<group>"; };
		D93A2AC11B18C66800FE709A /* TableViewExampleTests.swift */ = {isa = PBXFileReference; lastKnownFileType = sourcecode.swift; path = TableViewExampleTests.swift; sourceTree = "<group>"; };
/* End PBXFileReference section */

/* Begin PBXFrameworksBuildPhase section */
		D93A2AA31B18C66800FE709A /* Frameworks */ = {
			isa = PBXFrameworksBuildPhase;
			buildActionMask = 2147483647;
			files = (
			);
			runOnlyForDeploymentPostprocessing = 0;
		};
		D93A2AB81B18C66800FE709A /* Frameworks */ = {
			isa = PBXFrameworksBuildPhase;
			buildActionMask = 2147483647;
			files = (
			);
			runOnlyForDeploymentPostprocessing = 0;
		};
/* End PBXFrameworksBuildPhase section */

/* Begin PBXGroup section */
		D93A2A9D1B18C66800FE709A = {
			isa = PBXGroup;
			children = (
				D93A2AA81B18C66800FE709A /* TableViewExample */,
				D93A2ABE1B18C66800FE709A /* TableViewExampleTests */,
				D93A2AA71B18C66800FE709A /* Products */,
			);
			sourceTree = "<group>";
		};
		D93A2AA71B18C66800FE709A /* Products */ = {
			isa = PBXGroup;
			children = (
				D93A2AA61B18C66800FE709A /* TableViewExample.app */,
				D93A2ABB1B18C66800FE709A /* TableViewExampleTests.xctest */,
			);
			name = Products;
			sourceTree = "<group>";
		};
		D93A2AA81B18C66800FE709A /* TableViewExample */ = {
			isa = PBXGroup;
			children = (
				D93A2AAB1B18C66800FE709A /* AppDelegate.swift */,
				D93A2AAD1B18C66800FE709A /* ViewController.swift */,
				D93A2AAF1B18C66800FE709A /* Main.storyboard */,
				D93A2AB21B18C66800FE709A /* Images.xcassets */,
				D93A2AB41B18C66800FE709A /* LaunchScreen.xib */,
				D93A2AA91B18C66800FE709A /* Supporting Files */,
			);
			path = TableViewExample;
			sourceTree = "<group>";
		};
		D93A2AA91B18C66800FE709A /* Supporting Files */ = {
			isa = PBXGroup;
			children = (
				D93A2AAA1B18C66800FE709A /* Info.plist */,
			);
			name = "Supporting Files";
			sourceTree = "<group>";
		};
		D93A2ABE1B18C66800FE709A /* TableViewExampleTests */ = {
			isa = PBXGroup;
			children = (
				D93A2AC11B18C66800FE709A /* TableViewExampleTests.swift */,
				D93A2ABF1B18C66800FE709A /* Supporting Files */,
			);
			path = TableViewExampleTests;
			sourceTree = "<group>";
		};
		D93A2ABF1B18C66800FE709A /* Supporting Files */ = {
			isa = PBXGroup;
			children = (
				D93A2AC01B18C66800FE709A /* Info.plist */,
			);
			name = "Supporting Files";
			sourceTree = "<group>";
		};
/* End PBXGroup section */

/* Begin PBXNativeTarget section */
		D93A2AA51B18C66800FE709A /* TableViewExample */ = {
			isa = PBXNativeTarget;
			buildConfigurationList = D93A2AC51B18C66800FE709A /* Build configuration list for PBXNativeTarget "TableViewExample" */;
			buildPhases = (
				D93A2AA21B18C66800FE709A /* Sources */,
				D93A2AA31B18C66800FE709A /* Frameworks */,
				D93A2AA41B18C66800FE709A /* Resources */,
			);
			buildRules = (
			);
			dependencies = (
			);
			name = TableViewExample;
			productName = TableViewExample;
			productReference = D93A2AA61B18C66800FE709A /* TableViewExample.app */;
			productType = "com.apple.product-type.application";
		};
		D93A2ABA1B18C66800FE709A /* TableViewExampleTests */ = {
			isa = PBXNativeTarget;
			buildConfigurationList = D93A2AC81B18C66800FE709A /* Build configuration list for PBXNativeTarget "TableViewExampleTests" */;
			buildPhases = (
				D93A2AB71B18C66800FE709A /* Sources */,
				D93A2AB81B18C66800FE709A /* Frameworks */,
				D93A2AB91B18C66800FE709A /* Resources */,
			);
			buildRules = (
			);
			dependencies = (
				D93A2ABD1B18C66800FE709A /* PBXTargetDependency */,
			);
			name = TableViewExampleTests;
			productName = TableViewExampleTests;
			productReference = D93A2ABB1B18C66800FE709A /* TableViewExampleTests.xctest */;
			productType = "com.apple.product-type.bundle.unit-test";
		};
/* End PBXNativeTarget section */

/* Begin PBXProject section */
		D93A2A9E1B18C66800FE709A /* Project object */ = {
			isa = PBXProject;
			attributes = {
				LastUpgradeCheck = 0630;
				ORGANIZATIONNAME = wikibootup;
				TargetAttributes = {
					D93A2AA51B18C66800FE709A = {
						CreatedOnToolsVersion = 6.3.2;
					};
					D93A2ABA1B18C66800FE709A = {
						CreatedOnToolsVersion = 6.3.2;
						TestTargetID = D93A2AA51B18C66800FE709A;
					};
				};
			};
			buildConfigurationList = D93A2AA11B18C66800FE709A /* Build configuration list for PBXProject "TableViewExample" */;
			compatibilityVersion = "Xcode 3.2";
			developmentRegion = English;
			hasScannedForEncodings = 0;
			knownRegions = (
				en,
				Base,
			);
			mainGroup = D93A2A9D1B18C66800FE709A;
			productRefGroup = D93A2AA71B18C66800FE709A /* Products */;
			projectDirPath = "";
			projectRoot = "";
			targets = (
				D93A2AA51B18C66800FE709A /* TableViewExample */,
				D93A2ABA1B18C66800FE709A /* TableViewExampleTests */,
			);
		};
/* End PBXProject section */

/* Begin PBXResourcesBuildPhase section */
		D93A2AA41B18C66800FE709A /* Resources */ = {
			isa = PBXResourcesBuildPhase;
			buildActionMask = 2147483647;
			files = (
				D93A2AB11B18C66800FE709A /* Main.storyboard in Resources */,
				D93A2AB61B18C66800FE709A /* LaunchScreen.xib in Resources */,
				D93A2AB31B18C66800FE709A /* Images.xcassets in Resources */,
			);
			runOnlyForDeploymentPostprocessing = 0;
		};
		D93A2AB91B18C66800FE709A /* Resources */ = {
			isa = PBXResourcesBuildPhase;
			buildActionMask = 2147483647;
			files = (
			);
			runOnlyForDeploymentPostprocessing = 0;
		};
/* End PBXResourcesBuildPhase section */

/* Begin PBXSourcesBuildPhase section */
		D93A2AA21B18C66800FE709A /* Sources */ = {
			isa = PBXSourcesBuildPhase;
			buildActionMask = 2147483647;
			files = (
				D93A2AAE1B18C66800FE709A /* ViewController.swift in Sources */,
				D93A2AAC1B18C66800FE709A /* AppDelegate.swift in Sources */,
			);
			runOnlyForDeploymentPostprocessing = 0;
		};
		D93A2AB71B18C66800FE709A /* Sources */ = {
			isa = PBXSourcesBuildPhase;
			buildActionMask = 2147483647;
			files = (
				D93A2AC21B18C66800FE709A /* TableViewExampleTests.swift in Sources */,
			);
			runOnlyForDeploymentPostprocessing = 0;
		};
/* End PBXSourcesBuildPhase section */

/* Begin PBXTargetDependency section */
		D93A2ABD1B18C66800FE709A /* PBXTargetDependency */ = {
			isa = PBXTargetDependency;
			target = D93A2AA51B18C66800FE709A /* TableViewExample */;
			targetProxy = D93A2ABC1B18C66800FE709A /* PBXContainerItemProxy */;
		};
/* End PBXTargetDependency section */

/* Begin PBXVariantGroup section */
		D93A2AAF1B18C66800FE709A /* Main.storyboard */ = {
			isa = PBXVariantGroup;
			children = (
				D93A2AB01B18C66800FE709A /* Base */,
			);
			name = Main.storyboard;
			sourceTree = "<group>";
		};
		D93A2AB41B18C66800FE709A /* LaunchScreen.xib */ = {
			isa = PBXVariantGroup;
			children = (
				D93A2AB51B18C66800FE709A /* Base */,
			);
			name = LaunchScreen.xib;
			sourceTree = "<group>";
		};
/* End PBXVariantGroup section */

/* Begin XCBuildConfiguration section */
		D93A2AC31B18C66800FE709A /* Debug */ = {
			isa = XCBuildConfiguration;
			buildSettings = {
				ALWAYS_SEARCH_USER_PATHS = NO;
				CLANG_CXX_LANGUAGE_STANDARD = "gnu++0x";
				CLANG_CXX_LIBRARY = "libc++";
				CLANG_ENABLE_MODULES = YES;
				CLANG_ENABLE_OBJC_ARC = YES;
				CLANG_WARN_BOOL_CONVERSION = YES;
				CLANG_WARN_CONSTANT_CONVERSION = YES;
				CLANG_WARN_DIRECT_OBJC_ISA_USAGE = YES_ERROR;
				CLANG_WARN_EMPTY_BODY = YES;
				CLANG_WARN_ENUM_CONVERSION = YES;
				CLANG_WARN_INT_CONVERSION = YES;
				CLANG_WARN_OBJC_ROOT_CLASS = YES_ERROR;
				CLANG_WARN_UNREACHABLE_CODE = YES;
				CLANG_WARN__DUPLICATE_METHOD_MATCH = YES;
				"CODE_SIGN_IDENTITY[sdk=iphoneos*]" = "iPhone Developer";
				COPY_PHASE_STRIP = NO;
				DEBUG_INFORMATION_FORMAT = "dwarf-with-dsym";
				ENABLE_STRICT_OBJC_MSGSEND = YES;
				GCC_C_LANGUAGE_STANDARD = gnu99;
				GCC_DYNAMIC_NO_PIC = NO;
				GCC_NO_COMMON_BLOCKS = YES;
				GCC_OPTIMIZATION_LEVEL = 0;
				GCC_PREPROCESSOR_DEFINITIONS = (
					"DEBUG=1",
					"$(inherited)",
				);
				GCC_SYMBOLS_PRIVATE_EXTERN = NO;
				GCC_WARN_64_TO_32_BIT_CONVERSION = YES;
				GCC_WARN_ABOUT_RETURN_TYPE = YES_ERROR;
				GCC_WARN_UNDECLARED_SELECTOR = YES;
				GCC_WARN_UNINITIALIZED_AUTOS = YES_AGGRESSIVE;
				GCC_WARN_UNUSED_FUNCTION = YES;
				GCC_WARN_UNUSED_VARIABLE = YES;
				IPHONEOS_DEPLOYMENT_TARGET = 8.3;
				MTL_ENABLE_DEBUG_INFO = YES;
				ONLY_ACTIVE_ARCH = YES;
				SDKROOT = iphoneos;
				SWIFT_OPTIMIZATION_LEVEL = "-Onone";
				TARGETED_DEVICE_FAMILY = "1,2";
			};
			name = Debug;
		};
		D93A2AC41B18C66800FE709A /* Release */ = {
			isa = XCBuildConfiguration;
			buildSettings = {
				ALWAYS_SEARCH_USER_PATHS = NO;
				CLANG_CXX_LANGUAGE_STANDARD = "gnu++0x";
				CLANG_CXX_LIBRARY = "libc++";
				CLANG_ENABLE_MODULES = YES;
				CLANG_ENABLE_OBJC_ARC = YES;
				CLANG_WARN_BOOL_CONVERSION = YES;
				CLANG_WARN_CONSTANT_CONVERSION = YES;
				CLANG_WARN_DIRECT_OBJC_ISA_USAGE = YES_ERROR;
				CLANG_WARN_EMPTY_BODY = YES;
				CLANG_WARN_ENUM_CONVERSION = YES;
				CLANG_WARN_INT_CONVERSION = YES;
				CLANG_WARN_OBJC_ROOT_CLASS = YES_ERROR;
				CLANG_WARN_UNREACHABLE_CODE = YES;
				CLANG_WARN__DUPLICATE_METHOD_MATCH = YES;
				"CODE_SIGN_IDENTITY[sdk=iphoneos*]" = "iPhone Developer";
				COPY_PHASE_STRIP = NO;
				DEBUG_INFORMATION_FORMAT = "dwarf-with-dsym";
				ENABLE_NS_ASSERTIONS = NO;
				ENABLE_STRICT_OBJC_MSGSEND = YES;
				GCC_C_LANGUAGE_STANDARD = gnu99;
				GCC_NO_COMMON_BLOCKS = YES;
				GCC_WARN_64_TO_32_BIT_CONVERSION = YES;
				GCC_WARN_ABOUT_RETURN_TYPE = YES_ERROR;
				GCC_WARN_UNDECLARED_SELECTOR = YES;
				GCC_WARN_UNINITIALIZED_AUTOS = YES_AGGRESSIVE;
				GCC_WARN_UNUSED_FUNCTION = YES;
				GCC_WARN_UNUSED_VARIABLE = YES;
				IPHONEOS_DEPLOYMENT_TARGET = 8.3;
				MTL_ENABLE_DEBUG_INFO = NO;
				SDKROOT = iphoneos;
				TARGETED_DEVICE_FAMILY = "1,2";
				VALIDATE_PRODUCT = YES;
			};
			name = Release;
		};
		D93A2AC61B18C66800FE709A /* Debug */ = {
			isa = XCBuildConfiguration;
			buildSettings = {
				ASSETCATALOG_COMPILER_APPICON_NAME = AppIcon;
				INFOPLIST_FILE = TableViewExample/Info.plist;
				LD_RUNPATH_SEARCH_PATHS = "$(inherited) @executable_path/Frameworks";
				PRODUCT_NAME = "$(TARGET_NAME)";
			};
			name = Debug;
		};
		D93A2AC71B18C66800FE709A /* Release */ = {
			isa = XCBuildConfiguration;
			buildSettings = {
				ASSETCATALOG_COMPILER_APPICON_NAME = AppIcon;
				INFOPLIST_FILE = TableViewExample/Info.plist;
				LD_RUNPATH_SEARCH_PATHS = "$(inherited) @executable_path/Frameworks";
				PRODUCT_NAME = "$(TARGET_NAME)";
			};
			name = Release;
		};
		D93A2AC91B18C66800FE709A /* Debug */ = {
			isa = XCBuildConfiguration;
			buildSettings = {
				BUNDLE_LOADER = "$(TEST_HOST)";
				FRAMEWORK_SEARCH_PATHS = (
					"$(SDKROOT)/Developer/Library/Frameworks",
					"$(inherited)",
				);
				GCC_PREPROCESSOR_DEFINITIONS = (
					"DEBUG=1",
					"$(inherited)",
				);
				INFOPLIST_FILE = TableViewExampleTests/Info.plist;
				LD_RUNPATH_SEARCH_PATHS = "$(inherited) @executable_path/Frameworks @loader_path/Frameworks";
				PRODUCT_NAME = "$(TARGET_NAME)";
				TEST_HOST = "$(BUILT_PRODUCTS_DIR)/TableViewExample.app/TableViewExample";
			};
			name = Debug;
		};
		D93A2ACA1B18C66800FE709A /* Release */ = {
			isa = XCBuildConfiguration;
			buildSettings = {
				BUNDLE_LOADER = "$(TEST_HOST)";
				FRAMEWORK_SEARCH_PATHS = (
					"$(SDKROOT)/Developer/Library/Frameworks",
					"$(inherited)",
				);
				INFOPLIST_FILE = TableViewExampleTests/Info.plist;
				LD_RUNPATH_SEARCH_PATHS = "$(inherited) @executable_path/Frameworks @loader_path/Frameworks";
				PRODUCT_NAME = "$(TARGET_NAME)";
				TEST_HOST = "$(BUILT_PRODUCTS_DIR)/TableViewExample.app/TableViewExample";
			};
			name = Release;
		};
/* End XCBuildConfiguration section */

/* Begin XCConfigurationList section */
		D93A2AA11B18C66800FE709A /* Build configuration list for PBXProject "TableViewExample" */ = {
			isa = XCConfigurationList;
			buildConfigurations = (
				D93A2AC31B18C66800FE709A /* Debug */,
				D93A2AC41B18C66800FE709A /* Release */,
			);
			defaultConfigurationIsVisible = 0;
			defaultConfigurationName = Release;
		};
		D93A2AC51B18C66800FE709A /* Build configuration list for PBXNativeTarget "TableViewExample" */ = {
			isa = XCConfigurationList;
			buildConfigurations = (
				D93A2AC61B18C66800FE709A /* Debug */,
				D93A2AC71B18C66800FE709A /* Release */,
			);
			defaultConfigurationIsVisible = 0;
		};
		D93A2AC81B18C66800FE709A /* Build configuration list for PBXNativeTarget "TableViewExampleTests" */ = {
			isa = XCConfigurationList;
			buildConfigurations = (
				D93A2AC91B18C66800FE709A /* Debug */,
				D93A2ACA1B18C66800FE709A /* Release */,
			);
			defaultConfigurationIsVisible = 0;
		};
/* End XCConfigurationList section */
	};
	rootObject = D93A2A9E1B18C66800FE709A /* Project object */;
}
